PODS:
  - KeychainAccess (3.2.0)
  - RxCocoa (5.0.0):
    - RxRelay (~> 5)
    - RxSwift (~> 5)
  - RxRelay (5.0.0):
    - RxSwift (~> 5)
  - RxSwift (5.0.0)
  - VerticalCardSwiper (2.0.1)

DEPENDENCIES:
  - KeychainAccess
  - RxCocoa (~> 5)
  - RxSwift (~> 5)
  - VerticalCardSwiper

SPEC REPOS:
  trunk:
    - KeychainAccess
    - RxCocoa
    - RxRelay
    - RxSwift
    - VerticalCardSwiper

SPEC CHECKSUMS:
  KeychainAccess: 3b1bf8a77eb4c6ea1ce9404c292e48f948954c6b
  RxCocoa: fcf32050ac00d801f34a7f71d5e8e7f23026dcd8
  RxRelay: 4f7409406a51a55cd88483f21ed898c234d60f18
  RxSwift: 8b0671caa829a763bbce7271095859121cbd895f
  VerticalCardSwiper: a152823dbe457f7cc8920c86579c928bfe40d502

PODFILE CHECKSUM: 7408d09302f4dfcfcf8b53b391a29fa2228e9c39

COCOAPODS: 1.8.0.beta.1
